
Microsoft Visual Studio Solution File, Format Version 12.00
# Visual Studio Version 16
VisualStudioVersion = 16.0.31729.503
MinimumVisualStudioVersion = 10.0.40219.1
Project("{2150E333-8FDC-42A3-9474-1A3956D46DE8}") = "SkillTracker", "SkillTracker", "{FB8765BD-F537-4FBB-875F-FE611C417F81}"
EndProject
Project("{9A19103F-16F7-4668-BE54-9A1E7A4F7556}") = "SkillTracker.API", "SkillTracker.API\SkillTracker.API.csproj", "{7B2C53AB-4D58-4ED6-AD80-08DCE7DD898E}"
EndProject
Project("{2150E333-8FDC-42A3-9474-1A3956D46DE8}") = "SkillTrackerGateway", "SkillTrackerGateway", "{284209D0-E07E-4A20-AB0E-3406ED8AECCE}"
EndProject
Project("{9A19103F-16F7-4668-BE54-9A1E7A4F7556}") = "SkillTracker.Core", "SkillTracker.Core\SkillTracker.Core.csproj", "{EDD8551E-6CAA-4076-876C-BE3489513124}"
EndProject
Project("{9A19103F-16F7-4668-BE54-9A1E7A4F7556}") = "SkillTracker.InfraStructure", "SkillTracker.InfraStructure\SkillTracker.InfraStructure.csproj", "{07CA8905-C559-4BF9-BAFC-05772B4BE06C}"
EndProject
Project("{9A19103F-16F7-4668-BE54-9A1E7A4F7556}") = "SkillTracker.Shared", "SkillTracker.Shared\SkillTracker.Shared.csproj", "{29381EBE-A398-40CC-BA5E-4DCB31DC87B0}"
EndProject
Project("{2150E333-8FDC-42A3-9474-1A3956D46DE8}") = "Microservices", "Microservices", "{F99286AC-D8FF-4804-B554-1A28D6484403}"
EndProject
Project("{9A19103F-16F7-4668-BE54-9A1E7A4F7556}") = "SkillTracker.Gateway.WebApi", "SkillTracker.Gateway.WebApi\SkillTracker.Gateway.WebApi.csproj", "{AA23640E-D85C-4CAE-ABFC-2892DE3936B1}"
EndProject
Project("{9A19103F-16F7-4668-BE54-9A1E7A4F7556}") = "SkillTracker.WebAPI", "SkillTracker.WebAPI\SkillTracker.WebAPI.csproj", "{4B9A8ADF-B50C-402B-91B8-934CC769326B}"
EndProject
Project("{9A19103F-16F7-4668-BE54-9A1E7A4F7556}") = "SkillTracker.RabbitMQ.Publish", "SkillTracker.RabbitMQ.publish\SkillTracker.RabbitMQ.Publish.csproj", "{3BC64222-51B1-4E46-827A-1AB2D0364AD3}"
EndProject
Project("{9A19103F-16F7-4668-BE54-9A1E7A4F7556}") = "SkillTracker.Domain", "SkillTracker.Domain\SkillTracker.Domain.csproj", "{52A658BA-D03A-4CD4-AA32-C89D36898A8C}"
EndProject
Project("{9A19103F-16F7-4668-BE54-9A1E7A4F7556}") = "SkillTrackerAPI.Messaging.Receive", "SkillTrackerAPI.Messaging.Receive\SkillTrackerAPI.Messaging.Receive.csproj", "{93C5FEAD-8B2A-4508-8B20-B87A6F1408EC}"
EndProject
Project("{9A19103F-16F7-4668-BE54-9A1E7A4F7556}") = "SkillTracker.RabbitMQ.Receive", "SkillTracker.RabbitMQ.Receive\SkillTracker.RabbitMQ.Receive.csproj", "{CE329F15-F0FB-4611-B4C7-E6A9CD6CF99D}"
EndProject
Project("{2150E333-8FDC-42A3-9474-1A3956D46DE8}") = "Tests", "Tests", "{0B925E60-CD2E-423E-AD38-2E5158DB4BD6}"
EndProject
Project("{9A19103F-16F7-4668-BE54-9A1E7A4F7556}") = "SkillTracker.API.Test", "SkillTracker.API.Test\SkillTracker.API.Test.csproj", "{3ED8B351-E87A-4C08-8C24-6AADF2B78C6D}"
EndProject
Project("{9A19103F-16F7-4668-BE54-9A1E7A4F7556}") = "SkillTracker.Core.Test", "SkillTracker.Core.Test\SkillTracker.Core.Test.csproj", "{51342C15-66BD-429F-8A23-D197B1ED508D}"
EndProject
Project("{9A19103F-16F7-4668-BE54-9A1E7A4F7556}") = "SkillTracker.InfraStructure.Test", "SkillTracker.InfraStructure.Test\SkillTracker.InfraStructure.Test.csproj", "{2D7E1CD7-92DB-4851-8EC8-2E1B23B5109E}"
EndProject
Project("{9A19103F-16F7-4668-BE54-9A1E7A4F7556}") = "SkillTracker.AWSServerless.RabbitMQ.Publish", "SkillTracker.AWSServerless.RabbitMQ.Publish\SkillTracker.AWSServerless.RabbitMQ.Publish.csproj", "{E2E67BD3-4006-4299-9DC6-CD587C9B4CEA}"
EndProject
Global
	GlobalSection(SolutionConfigurationPlatforms) = preSolution
		Debug|Any CPU = Debug|Any CPU
		Release|Any CPU = Release|Any CPU
	EndGlobalSection
	GlobalSection(ProjectConfigurationPlatforms) = postSolution
		{7B2C53AB-4D58-4ED6-AD80-08DCE7DD898E}.Debug|Any CPU.ActiveCfg = Debug|Any CPU
		{7B2C53AB-4D58-4ED6-AD80-08DCE7DD898E}.Debug|Any CPU.Build.0 = Debug|Any CPU
		{7B2C53AB-4D58-4ED6-AD80-08DCE7DD898E}.Release|Any CPU.ActiveCfg = Release|Any CPU
		{7B2C53AB-4D58-4ED6-AD80-08DCE7DD898E}.Release|Any CPU.Build.0 = Release|Any CPU
		{EDD8551E-6CAA-4076-876C-BE3489513124}.Debug|Any CPU.ActiveCfg = Debug|Any CPU
		{EDD8551E-6CAA-4076-876C-BE3489513124}.Debug|Any CPU.Build.0 = Debug|Any CPU
		{EDD8551E-6CAA-4076-876C-BE3489513124}.Release|Any CPU.ActiveCfg = Release|Any CPU
		{EDD8551E-6CAA-4076-876C-BE3489513124}.Release|Any CPU.Build.0 = Release|Any CPU
		{07CA8905-C559-4BF9-BAFC-05772B4BE06C}.Debug|Any CPU.ActiveCfg = Debug|Any CPU
		{07CA8905-C559-4BF9-BAFC-05772B4BE06C}.Debug|Any CPU.Build.0 = Debug|Any CPU
		{07CA8905-C559-4BF9-BAFC-05772B4BE06C}.Release|Any CPU.ActiveCfg = Release|Any CPU
		{07CA8905-C559-4BF9-BAFC-05772B4BE06C}.Release|Any CPU.Build.0 = Release|Any CPU
		{29381EBE-A398-40CC-BA5E-4DCB31DC87B0}.Debug|Any CPU.ActiveCfg = Debug|Any CPU
		{29381EBE-A398-40CC-BA5E-4DCB31DC87B0}.Debug|Any CPU.Build.0 = Debug|Any CPU
		{29381EBE-A398-40CC-BA5E-4DCB31DC87B0}.Release|Any CPU.ActiveCfg = Release|Any CPU
		{29381EBE-A398-40CC-BA5E-4DCB31DC87B0}.Release|Any CPU.Build.0 = Release|Any CPU
		{AA23640E-D85C-4CAE-ABFC-2892DE3936B1}.Debug|Any CPU.ActiveCfg = Debug|Any CPU
		{AA23640E-D85C-4CAE-ABFC-2892DE3936B1}.Debug|Any CPU.Build.0 = Debug|Any CPU
		{AA23640E-D85C-4CAE-ABFC-2892DE3936B1}.Release|Any CPU.ActiveCfg = Release|Any CPU
		{AA23640E-D85C-4CAE-ABFC-2892DE3936B1}.Release|Any CPU.Build.0 = Release|Any CPU
		{4B9A8ADF-B50C-402B-91B8-934CC769326B}.Debug|Any CPU.ActiveCfg = Debug|Any CPU
		{4B9A8ADF-B50C-402B-91B8-934CC769326B}.Debug|Any CPU.Build.0 = Debug|Any CPU
		{4B9A8ADF-B50C-402B-91B8-934CC769326B}.Release|Any CPU.ActiveCfg = Release|Any CPU
		{4B9A8ADF-B50C-402B-91B8-934CC769326B}.Release|Any CPU.Build.0 = Release|Any CPU
		{3BC64222-51B1-4E46-827A-1AB2D0364AD3}.Debug|Any CPU.ActiveCfg = Debug|Any CPU
		{3BC64222-51B1-4E46-827A-1AB2D0364AD3}.Debug|Any CPU.Build.0 = Debug|Any CPU
		{3BC64222-51B1-4E46-827A-1AB2D0364AD3}.Release|Any CPU.ActiveCfg = Release|Any CPU
		{3BC64222-51B1-4E46-827A-1AB2D0364AD3}.Release|Any CPU.Build.0 = Release|Any CPU
		{52A658BA-D03A-4CD4-AA32-C89D36898A8C}.Debug|Any CPU.ActiveCfg = Debug|Any CPU
		{52A658BA-D03A-4CD4-AA32-C89D36898A8C}.Debug|Any CPU.Build.0 = Debug|Any CPU
		{52A658BA-D03A-4CD4-AA32-C89D36898A8C}.Release|Any CPU.ActiveCfg = Release|Any CPU
		{52A658BA-D03A-4CD4-AA32-C89D36898A8C}.Release|Any CPU.Build.0 = Release|Any CPU
		{93C5FEAD-8B2A-4508-8B20-B87A6F1408EC}.Debug|Any CPU.ActiveCfg = Debug|Any CPU
		{93C5FEAD-8B2A-4508-8B20-B87A6F1408EC}.Debug|Any CPU.Build.0 = Debug|Any CPU
		{93C5FEAD-8B2A-4508-8B20-B87A6F1408EC}.Release|Any CPU.ActiveCfg = Release|Any CPU
		{93C5FEAD-8B2A-4508-8B20-B87A6F1408EC}.Release|Any CPU.Build.0 = Release|Any CPU
		{CE329F15-F0FB-4611-B4C7-E6A9CD6CF99D}.Debug|Any CPU.ActiveCfg = Debug|Any CPU
		{CE329F15-F0FB-4611-B4C7-E6A9CD6CF99D}.Debug|Any CPU.Build.0 = Debug|Any CPU
		{CE329F15-F0FB-4611-B4C7-E6A9CD6CF99D}.Release|Any CPU.ActiveCfg = Release|Any CPU
		{CE329F15-F0FB-4611-B4C7-E6A9CD6CF99D}.Release|Any CPU.Build.0 = Release|Any CPU
		{3ED8B351-E87A-4C08-8C24-6AADF2B78C6D}.Debug|Any CPU.ActiveCfg = Debug|Any CPU
		{3ED8B351-E87A-4C08-8C24-6AADF2B78C6D}.Debug|Any CPU.Build.0 = Debug|Any CPU
		{3ED8B351-E87A-4C08-8C24-6AADF2B78C6D}.Release|Any CPU.ActiveCfg = Release|Any CPU
		{3ED8B351-E87A-4C08-8C24-6AADF2B78C6D}.Release|Any CPU.Build.0 = Release|Any CPU
		{51342C15-66BD-429F-8A23-D197B1ED508D}.Debug|Any CPU.ActiveCfg = Debug|Any CPU
		{51342C15-66BD-429F-8A23-D197B1ED508D}.Debug|Any CPU.Build.0 = Debug|Any CPU
		{51342C15-66BD-429F-8A23-D197B1ED508D}.Release|Any CPU.ActiveCfg = Release|Any CPU
		{51342C15-66BD-429F-8A23-D197B1ED508D}.Release|Any CPU.Build.0 = Release|Any CPU
		{2D7E1CD7-92DB-4851-8EC8-2E1B23B5109E}.Debug|Any CPU.ActiveCfg = Debug|Any CPU
		{2D7E1CD7-92DB-4851-8EC8-2E1B23B5109E}.Debug|Any CPU.Build.0 = Debug|Any CPU
		{2D7E1CD7-92DB-4851-8EC8-2E1B23B5109E}.Release|Any CPU.ActiveCfg = Release|Any CPU
		{2D7E1CD7-92DB-4851-8EC8-2E1B23B5109E}.Release|Any CPU.Build.0 = Release|Any CPU
		{E2E67BD3-4006-4299-9DC6-CD587C9B4CEA}.Debug|Any CPU.ActiveCfg = Debug|Any CPU
		{E2E67BD3-4006-4299-9DC6-CD587C9B4CEA}.Debug|Any CPU.Build.0 = Debug|Any CPU
		{E2E67BD3-4006-4299-9DC6-CD587C9B4CEA}.Release|Any CPU.ActiveCfg = Release|Any CPU
		{E2E67BD3-4006-4299-9DC6-CD587C9B4CEA}.Release|Any CPU.Build.0 = Release|Any CPU
	EndGlobalSection
	GlobalSection(SolutionProperties) = preSolution
		HideSolutionNode = FALSE
	EndGlobalSection
	GlobalSection(NestedProjects) = preSolution
		{7B2C53AB-4D58-4ED6-AD80-08DCE7DD898E} = {F99286AC-D8FF-4804-B554-1A28D6484403}
		{EDD8551E-6CAA-4076-876C-BE3489513124} = {FB8765BD-F537-4FBB-875F-FE611C417F81}
		{07CA8905-C559-4BF9-BAFC-05772B4BE06C} = {FB8765BD-F537-4FBB-875F-FE611C417F81}
		{29381EBE-A398-40CC-BA5E-4DCB31DC87B0} = {FB8765BD-F537-4FBB-875F-FE611C417F81}
		{AA23640E-D85C-4CAE-ABFC-2892DE3936B1} = {284209D0-E07E-4A20-AB0E-3406ED8AECCE}
		{4B9A8ADF-B50C-402B-91B8-934CC769326B} = {F99286AC-D8FF-4804-B554-1A28D6484403}
		{3BC64222-51B1-4E46-827A-1AB2D0364AD3} = {FB8765BD-F537-4FBB-875F-FE611C417F81}
		{52A658BA-D03A-4CD4-AA32-C89D36898A8C} = {FB8765BD-F537-4FBB-875F-FE611C417F81}
		{93C5FEAD-8B2A-4508-8B20-B87A6F1408EC} = {F99286AC-D8FF-4804-B554-1A28D6484403}
		{CE329F15-F0FB-4611-B4C7-E6A9CD6CF99D} = {FB8765BD-F537-4FBB-875F-FE611C417F81}
		{3ED8B351-E87A-4C08-8C24-6AADF2B78C6D} = {0B925E60-CD2E-423E-AD38-2E5158DB4BD6}
		{51342C15-66BD-429F-8A23-D197B1ED508D} = {0B925E60-CD2E-423E-AD38-2E5158DB4BD6}
		{2D7E1CD7-92DB-4851-8EC8-2E1B23B5109E} = {0B925E60-CD2E-423E-AD38-2E5158DB4BD6}
		{E2E67BD3-4006-4299-9DC6-CD587C9B4CEA} = {F99286AC-D8FF-4804-B554-1A28D6484403}
	EndGlobalSection
	GlobalSection(ExtensibilityGlobals) = postSolution
		SolutionGuid = {55E262F3-4E8C-414C-99FF-59BBE6FB00B8}
	EndGlobalSection
EndGlobal
